{
  "name": "nz-admin",
  "version": "0.0.1",
  "lockfileVersion": 1,
  "requires": true,
  "dependencies": {
    "@angular/animations": {
      "version": "9.1.12",
      "resolved": "https://registry.npm.taobao.org/@angular/animations/download/@angular/animations-9.1.12.tgz",
      "integrity": "sha1-HJwaeSvktSsZbKseXIi9MZtgcW0=",
      "dev": true
    },
    "@angular/cdk": {
      "version": "9.2.4",
      "resolved": "https://registry.npm.taobao.org/@angular/cdk/download/@angular/cdk-9.2.4.tgz?cache=0&sync_timestamp=1597099741884&other_urls=https%3A%2F%2Fregistry.npm.taobao.org%2F%40angular%2Fcdk%2Fdownload%2F%40angular%2Fcdk-9.2.4.tgz",
      "integrity": "sha1-hBOVi9J15MNL47lvVkRGcd0wupM=",
      "dev": true,
      "requires": {
        "parse5": "^5.0.0"
      }
    },
    "@angular/common": {
      "version": "9.1.12",
      "resolved": "https://registry.npm.taobao.org/@angular/common/download/@angular/common-9.1.12.tgz",
      "integrity": "sha1-cxcB+uY66OLuLOAOfVH0WOzQDHw=",
      "dev": true
    },
    "@angular/compiler": {
      "version": "9.1.12",
      "resolved": "https://registry.npm.taobao.org/@angular/compiler/download/@angular/compiler-9.1.12.tgz",
      "integrity": "sha1-MGamN7/glkLdXEpN0Cnnp3GYgxE=",
      "dev": true
    },
    "@angular/core": {
      "version": "9.1.12",
      "resolved": "https://registry.npm.taobao.org/@angular/core/download/@angular/core-9.1.12.tgz?cache=0&sync_timestamp=1597853576713&other_urls=https%3A%2F%2Fregistry.npm.taobao.org%2F%40angular%2Fcore%2Fdownload%2F%40angular%2Fcore-9.1.12.tgz",
      "integrity": "sha1-5+EPcvhPB4dVFCSthieUNuC17b4=",
      "dev": true
    },
    "@angular/forms": {
      "version": "9.1.12",
      "resolved": "https://registry.npm.taobao.org/@angular/forms/download/@angular/forms-9.1.12.tgz?cache=0&sync_timestamp=1597855291878&other_urls=https%3A%2F%2Fregistry.npm.taobao.org%2F%40angular%2Fforms%2Fdownload%2F%40angular%2Fforms-9.1.12.tgz",
      "integrity": "sha1-iuesSAAx4eQJfu/5tF9ebSzOa3w=",
      "dev": true
    },
    "@angular/platform-browser": {
      "version": "9.1.12",
      "resolved": "https://registry.npm.taobao.org/@angular/platform-browser/download/@angular/platform-browser-9.1.12.tgz?cache=0&sync_timestamp=1597855291091&other_urls=https%3A%2F%2Fregistry.npm.taobao.org%2F%40angular%2Fplatform-browser%2Fdownload%2F%40angular%2Fplatform-browser-9.1.12.tgz",
      "integrity": "sha1-+Z/DYMQO/QE2d8ye9OrRNCUISpE=",
      "dev": true
    },
    "@angular/platform-browser-dynamic": {
      "version": "9.1.12",
      "resolved": "https://registry.npm.taobao.org/@angular/platform-browser-dynamic/download/@angular/platform-browser-dynamic-9.1.12.tgz",
      "integrity": "sha1-Myk11exLRNqq0b6uSW3ZlOKEegM=",
      "dev": true
    },
    "@angular/router": {
      "version": "9.1.12",
      "resolved": "https://registry.npm.taobao.org/@angular/router/download/@angular/router-9.1.12.tgz?cache=0&sync_timestamp=1597855289565&other_urls=https%3A%2F%2Fregistry.npm.taobao.org%2F%40angular%2Frouter%2Fdownload%2F%40angular%2Frouter-9.1.12.tgz",
      "integrity": "sha1-T3/BcOHn73LKFxTbx6OIiu3DPy0=",
      "dev": true
    },
    "@ant-design/colors": {
      "version": "3.2.2",
      "resolved": "https://registry.npm.taobao.org/@ant-design/colors/download/@ant-design/colors-3.2.2.tgz",
      "integrity": "sha1-WtQ9YZ6RHzSI66wwPWBuZqhCOQM=",
      "dev": true,
      "requires": {
        "tinycolor2": "^1.4.1"
      }
    },
    "@ant-design/icons-angular": {
      "version": "9.0.1",
      "resolved": "https://registry.npm.taobao.org/@ant-design/icons-angular/download/@ant-design/icons-angular-9.0.1.tgz?cache=0&sync_timestamp=1593139067221&other_urls=https%3A%2F%2Fregistry.npm.taobao.org%2F%40ant-design%2Ficons-angular%2Fdownload%2F%40ant-design%2Ficons-angular-9.0.1.tgz",
      "integrity": "sha1-Wsi+xbw00jEgggyT+FEbWaoRe8U=",
      "dev": true,
      "requires": {
        "@ant-design/colors": "^3.1.0"
      }
    },
    "date-fns": {
      "version": "2.15.0",
      "resolved": "https://registry.npm.taobao.org/date-fns/download/date-fns-2.15.0.tgz?cache=0&sync_timestamp=1594999060129&other_urls=https%3A%2F%2Fregistry.npm.taobao.org%2Fdate-fns%2Fdownload%2Fdate-fns-2.15.0.tgz",
      "integrity": "sha1-Qk3ms3eOTmnT/ycEbsE2r1iuXV8=",
      "dev": true
    },
    "ng-zorro-antd": {
      "version": "9.3.0",
      "resolved": "https://registry.npm.taobao.org/ng-zorro-antd/download/ng-zorro-antd-9.3.0.tgz?cache=0&other_urls=https%3A%2F%2Fregistry.npm.taobao.org%2Fng-zorro-antd%2Fdownload%2Fng-zorro-antd-9.3.0.tgz",
      "integrity": "sha1-+A2+JxXleMR1codzRJRC8AmfFSw=",
      "dev": true,
      "requires": {
        "@angular/cdk": "^9.0.0",
        "@ant-design/icons-angular": "^9.0.0",
        "date-fns": "^2.10.0",
        "resize-observer-polyfill": "^1.5.1",
        "tslib": "^1.10.0"
      },
      "dependencies": {
        "tslib": {
          "version": "1.13.0",
          "resolved": "https://registry.npm.taobao.org/tslib/download/tslib-1.13.0.tgz?cache=0&sync_timestamp=1596752024863&other_urls=https%3A%2F%2Fregistry.npm.taobao.org%2Ftslib%2Fdownload%2Ftslib-1.13.0.tgz",
          "integrity": "sha1-yIHhPMcBWJTtkUhi0nZDb6mkcEM=",
          "dev": true
        }
      }
    },
    "parse5": {
      "version": "5.1.1",
      "resolved": "https://registry.npm.taobao.org/parse5/download/parse5-5.1.1.tgz?cache=0&sync_timestamp=1595849246963&other_urls=https%3A%2F%2Fregistry.npm.taobao.org%2Fparse5%2Fdownload%2Fparse5-5.1.1.tgz",
      "integrity": "sha1-9o5OW6GFKsLK3AD0VV//bCq7YXg=",
      "dev": true,
      "optional": true
    },
    "resize-observer-polyfill": {
      "version": "1.5.1",
      "resolved": "https://registry.npm.taobao.org/resize-observer-polyfill/download/resize-observer-polyfill-1.5.1.tgz",
      "integrity": "sha1-DpAg3T0hAkRY1OvSfiPkAmmBBGQ=",
      "dev": true
    },
    "rxjs": {
      "version": "6.5.5",
      "resolved": "https://registry.npm.taobao.org/rxjs/download/rxjs-6.5.5.tgz?cache=0&sync_timestamp=1596402408867&other_urls=https%3A%2F%2Fregistry.npm.taobao.org%2Frxjs%2Fdownload%2Frxjs-6.5.5.tgz",
      "integrity": "sha1-xciE4wlMjP7jG/J+uH5UzPyH+ew=",
      "dev": true,
      "requires": {
        "tslib": "^1.9.0"
      },
      "dependencies": {
        "tslib": {
          "version": "1.13.0",
          "resolved": "https://registry.npm.taobao.org/tslib/download/tslib-1.13.0.tgz?cache=0&sync_timestamp=1596752024863&other_urls=https%3A%2F%2Fregistry.npm.taobao.org%2Ftslib%2Fdownload%2Ftslib-1.13.0.tgz",
          "integrity": "sha1-yIHhPMcBWJTtkUhi0nZDb6mkcEM=",
          "dev": true
        }
      }
    },
    "tinycolor2": {
      "version": "1.4.1",
      "resolved": "https://registry.npm.taobao.org/tinycolor2/download/tinycolor2-1.4.1.tgz",
      "integrity": "sha1-9PrTM0R7wLB9TcjpIJ2POaisd+g=",
      "dev": true
    },
    "tslib": {
      "version": "1.13.0",
      "resolved": "https://registry.npm.taobao.org/tslib/download/tslib-1.13.0.tgz?cache=0&sync_timestamp=1596752024863&other_urls=https%3A%2F%2Fregistry.npm.taobao.org%2Ftslib%2Fdownload%2Ftslib-1.13.0.tgz",
      "integrity": "sha1-yIHhPMcBWJTtkUhi0nZDb6mkcEM=",
      "dev": true
    },
    "zone.js": {
      "version": "0.10.3",
      "resolved": "https://registry.npm.taobao.org/zone.js/download/zone.js-0.10.3.tgz",
      "integrity": "sha1-Pl5NoDxgfJ3NkuN901aHoUoUDBY=",
      "dev": true
    }
  }
}
